
Microsoft Visual Studio Solution File, Format Version 12.00
# Visual Studio Version 16
VisualStudioVersion = 16.0.28803.352
MinimumVisualStudioVersion = 10.0.40219.1
Project("{9A19103F-16F7-4668-BE54-9A1E7A4F7556}") = "Comunidad.Infraestructura", "Comunidad.Infraestructura\Comunidad.Infraestructura.csproj", "{2F7DA944-C65A-4FB0-A74C-A36764F4060D}"
	ProjectSection(ProjectDependencies) = postProject
		{097AE3D6-AEF7-48F0-9F3C-0249496A39A2} = {097AE3D6-AEF7-48F0-9F3C-0249496A39A2}
	EndProjectSection
EndProject
Project("{2150E333-8FDC-42A3-9474-1A3956D46DE8}") = "1 - Presentacion", "1 - Presentacion", "{C4849F5E-40FD-444F-BDA7-F7FB12A401EB}"
EndProject
Project("{2150E333-8FDC-42A3-9474-1A3956D46DE8}") = "2 - Aplicacion", "2 - Aplicacion", "{F912B0BD-48AB-4D93-B1DD-E71D9956A6C8}"
EndProject
Project("{2150E333-8FDC-42A3-9474-1A3956D46DE8}") = "3 - Servicio", "3 - Servicio", "{6CF4383A-F9DA-48D7-88EB-8C1D4615826B}"
EndProject
Project("{2150E333-8FDC-42A3-9474-1A3956D46DE8}") = "4 - Dominio", "4 - Dominio", "{2CC5494C-02F5-4C94-8964-B4BD79616321}"
EndProject
Project("{2150E333-8FDC-42A3-9474-1A3956D46DE8}") = "5 - Infraestructura", "5 - Infraestructura", "{F549F55E-F8A1-426D-89AF-1769D44E4EB1}"
EndProject
Project("{9A19103F-16F7-4668-BE54-9A1E7A4F7556}") = "Comunidad.Dominio", "Comunidad.Dominio\Comunidad.Dominio.csproj", "{B35AA48B-DA08-43F3-AAB0-C1E32A8E2069}"
EndProject
Project("{2150E333-8FDC-42A3-9474-1A3956D46DE8}") = "3.1 - Interfaces", "3.1 - Interfaces", "{E20527AD-629E-45A7-95A3-4283681A8BCB}"
EndProject
Project("{2150E333-8FDC-42A3-9474-1A3956D46DE8}") = "3.2 - Implementacion", "3.2 - Implementacion", "{94EEA0BF-C706-409D-98A5-E7E29B6B02CC}"
EndProject
Project("{2150E333-8FDC-42A3-9474-1A3956D46DE8}") = "2.1 - Conexion", "2.1 - Conexion", "{1A00FCF5-E19C-4A2E-9F92-4B3183204E33}"
EndProject
Project("{2150E333-8FDC-42A3-9474-1A3956D46DE8}") = "2.2 - IoC", "2.2 - IoC", "{F2B8C0ED-7922-426B-8557-E2F2E3D1AE00}"
EndProject
Project("{2150E333-8FDC-42A3-9474-1A3956D46DE8}") = "2.3 - Constantes", "2.3 - Constantes", "{D176C652-1855-4241-BBFB-8300D2713798}"
EndProject
Project("{2150E333-8FDC-42A3-9474-1A3956D46DE8}") = "2.4 - Impresion", "2.4 - Impresion", "{B00CC602-6A57-4E58-80B1-178133DA873F}"
EndProject
Project("{2150E333-8FDC-42A3-9474-1A3956D46DE8}") = "1.1 - Web", "1.1 - Web", "{C5F0EC1E-8665-43B2-80EA-AAFFB4CC7186}"
EndProject
Project("{2150E333-8FDC-42A3-9474-1A3956D46DE8}") = "1.2 - Mobile", "1.2 - Mobile", "{2BA8BE99-18C4-44A1-8D4B-00D951C2173B}"
EndProject
Project("{2150E333-8FDC-42A3-9474-1A3956D46DE8}") = "2.5 - Api", "2.5 - Api", "{3FFF4255-BCCC-468C-84E8-60EA67BDD2E3}"
EndProject
Project("{9A19103F-16F7-4668-BE54-9A1E7A4F7556}") = "Comunidad.Implementacion", "Comunidad.Implementacion\Comunidad.Implementacion.csproj", "{711B6C25-BE10-42EC-AC62-671A4A6A088E}"
EndProject
Project("{9A19103F-16F7-4668-BE54-9A1E7A4F7556}") = "Comunidad.Interfaces", "Comunidad.Interfaces\Comunidad.Interfaces.csproj", "{31194FBC-1528-465F-AC94-3A74AFDAFCCC}"
EndProject
Project("{9A19103F-16F7-4668-BE54-9A1E7A4F7556}") = "Comunidad.Impresion", "Comunidad.Impresion\Comunidad.Impresion.csproj", "{241FAF73-C1A1-498A-83CF-21487FB198B3}"
EndProject
Project("{9A19103F-16F7-4668-BE54-9A1E7A4F7556}") = "Comunidad.Constantes", "Comunidad.Constantes\Comunidad.Constantes.csproj", "{A43F8F17-0446-4E1D-9FD4-C3779BC8AE70}"
EndProject
Project("{9A19103F-16F7-4668-BE54-9A1E7A4F7556}") = "Comunidad.IoC", "Comunidad.IoC\Comunidad.IoC.csproj", "{050AFF9F-97B5-43C8-91AE-0587131F8C32}"
EndProject
Project("{9A19103F-16F7-4668-BE54-9A1E7A4F7556}") = "Comunidad.Conexion", "Comunidad.Conexion\Comunidad.Conexion.csproj", "{097AE3D6-AEF7-48F0-9F3C-0249496A39A2}"
EndProject
Project("{9A19103F-16F7-4668-BE54-9A1E7A4F7556}") = "ApiEvento", "ApiEvento\ApiEvento.csproj", "{FC607BBF-363B-43B0-BE02-34B21AB25DE7}"
EndProject
Project("{2150E333-8FDC-42A3-9474-1A3956D46DE8}") = "2.6 - Mapper", "2.6 - Mapper", "{CF0FD63B-A068-4062-9FD5-941CF7781BD6}"
EndProject
Project("{9A19103F-16F7-4668-BE54-9A1E7A4F7556}") = "MapperProfiles", "MapperProfiles\MapperProfiles.csproj", "{635D7452-0197-4FAA-90F6-CCA36D0BA0B1}"
EndProject
Global
	GlobalSection(SolutionConfigurationPlatforms) = preSolution
		Debug|Any CPU = Debug|Any CPU
		Release|Any CPU = Release|Any CPU
	EndGlobalSection
	GlobalSection(ProjectConfigurationPlatforms) = postSolution
		{2F7DA944-C65A-4FB0-A74C-A36764F4060D}.Debug|Any CPU.ActiveCfg = Debug|Any CPU
		{2F7DA944-C65A-4FB0-A74C-A36764F4060D}.Debug|Any CPU.Build.0 = Debug|Any CPU
		{2F7DA944-C65A-4FB0-A74C-A36764F4060D}.Release|Any CPU.ActiveCfg = Release|Any CPU
		{2F7DA944-C65A-4FB0-A74C-A36764F4060D}.Release|Any CPU.Build.0 = Release|Any CPU
		{B35AA48B-DA08-43F3-AAB0-C1E32A8E2069}.Debug|Any CPU.ActiveCfg = Debug|Any CPU
		{B35AA48B-DA08-43F3-AAB0-C1E32A8E2069}.Debug|Any CPU.Build.0 = Debug|Any CPU
		{B35AA48B-DA08-43F3-AAB0-C1E32A8E2069}.Release|Any CPU.ActiveCfg = Release|Any CPU
		{B35AA48B-DA08-43F3-AAB0-C1E32A8E2069}.Release|Any CPU.Build.0 = Release|Any CPU
		{711B6C25-BE10-42EC-AC62-671A4A6A088E}.Debug|Any CPU.ActiveCfg = Debug|Any CPU
		{711B6C25-BE10-42EC-AC62-671A4A6A088E}.Debug|Any CPU.Build.0 = Debug|Any CPU
		{711B6C25-BE10-42EC-AC62-671A4A6A088E}.Release|Any CPU.ActiveCfg = Release|Any CPU
		{711B6C25-BE10-42EC-AC62-671A4A6A088E}.Release|Any CPU.Build.0 = Release|Any CPU
		{31194FBC-1528-465F-AC94-3A74AFDAFCCC}.Debug|Any CPU.ActiveCfg = Debug|Any CPU
		{31194FBC-1528-465F-AC94-3A74AFDAFCCC}.Debug|Any CPU.Build.0 = Debug|Any CPU
		{31194FBC-1528-465F-AC94-3A74AFDAFCCC}.Release|Any CPU.ActiveCfg = Release|Any CPU
		{31194FBC-1528-465F-AC94-3A74AFDAFCCC}.Release|Any CPU.Build.0 = Release|Any CPU
		{241FAF73-C1A1-498A-83CF-21487FB198B3}.Debug|Any CPU.ActiveCfg = Debug|Any CPU
		{241FAF73-C1A1-498A-83CF-21487FB198B3}.Debug|Any CPU.Build.0 = Debug|Any CPU
		{241FAF73-C1A1-498A-83CF-21487FB198B3}.Release|Any CPU.ActiveCfg = Release|Any CPU
		{241FAF73-C1A1-498A-83CF-21487FB198B3}.Release|Any CPU.Build.0 = Release|Any CPU
		{A43F8F17-0446-4E1D-9FD4-C3779BC8AE70}.Debug|Any CPU.ActiveCfg = Debug|Any CPU
		{A43F8F17-0446-4E1D-9FD4-C3779BC8AE70}.Debug|Any CPU.Build.0 = Debug|Any CPU
		{A43F8F17-0446-4E1D-9FD4-C3779BC8AE70}.Release|Any CPU.ActiveCfg = Release|Any CPU
		{A43F8F17-0446-4E1D-9FD4-C3779BC8AE70}.Release|Any CPU.Build.0 = Release|Any CPU
		{050AFF9F-97B5-43C8-91AE-0587131F8C32}.Debug|Any CPU.ActiveCfg = Debug|Any CPU
		{050AFF9F-97B5-43C8-91AE-0587131F8C32}.Debug|Any CPU.Build.0 = Debug|Any CPU
		{050AFF9F-97B5-43C8-91AE-0587131F8C32}.Release|Any CPU.ActiveCfg = Release|Any CPU
		{050AFF9F-97B5-43C8-91AE-0587131F8C32}.Release|Any CPU.Build.0 = Release|Any CPU
		{097AE3D6-AEF7-48F0-9F3C-0249496A39A2}.Debug|Any CPU.ActiveCfg = Debug|Any CPU
		{097AE3D6-AEF7-48F0-9F3C-0249496A39A2}.Debug|Any CPU.Build.0 = Debug|Any CPU
		{097AE3D6-AEF7-48F0-9F3C-0249496A39A2}.Release|Any CPU.ActiveCfg = Release|Any CPU
		{097AE3D6-AEF7-48F0-9F3C-0249496A39A2}.Release|Any CPU.Build.0 = Release|Any CPU
		{FC607BBF-363B-43B0-BE02-34B21AB25DE7}.Debug|Any CPU.ActiveCfg = Debug|Any CPU
		{FC607BBF-363B-43B0-BE02-34B21AB25DE7}.Debug|Any CPU.Build.0 = Debug|Any CPU
		{FC607BBF-363B-43B0-BE02-34B21AB25DE7}.Release|Any CPU.ActiveCfg = Release|Any CPU
		{FC607BBF-363B-43B0-BE02-34B21AB25DE7}.Release|Any CPU.Build.0 = Release|Any CPU
		{635D7452-0197-4FAA-90F6-CCA36D0BA0B1}.Debug|Any CPU.ActiveCfg = Debug|Any CPU
		{635D7452-0197-4FAA-90F6-CCA36D0BA0B1}.Debug|Any CPU.Build.0 = Debug|Any CPU
		{635D7452-0197-4FAA-90F6-CCA36D0BA0B1}.Release|Any CPU.ActiveCfg = Release|Any CPU
		{635D7452-0197-4FAA-90F6-CCA36D0BA0B1}.Release|Any CPU.Build.0 = Release|Any CPU
	EndGlobalSection
	GlobalSection(SolutionProperties) = preSolution
		HideSolutionNode = FALSE
	EndGlobalSection
	GlobalSection(NestedProjects) = preSolution
		{2F7DA944-C65A-4FB0-A74C-A36764F4060D} = {F549F55E-F8A1-426D-89AF-1769D44E4EB1}
		{B35AA48B-DA08-43F3-AAB0-C1E32A8E2069} = {2CC5494C-02F5-4C94-8964-B4BD79616321}
		{E20527AD-629E-45A7-95A3-4283681A8BCB} = {6CF4383A-F9DA-48D7-88EB-8C1D4615826B}
		{94EEA0BF-C706-409D-98A5-E7E29B6B02CC} = {6CF4383A-F9DA-48D7-88EB-8C1D4615826B}
		{1A00FCF5-E19C-4A2E-9F92-4B3183204E33} = {F912B0BD-48AB-4D93-B1DD-E71D9956A6C8}
		{F2B8C0ED-7922-426B-8557-E2F2E3D1AE00} = {F912B0BD-48AB-4D93-B1DD-E71D9956A6C8}
		{D176C652-1855-4241-BBFB-8300D2713798} = {F912B0BD-48AB-4D93-B1DD-E71D9956A6C8}
		{B00CC602-6A57-4E58-80B1-178133DA873F} = {F912B0BD-48AB-4D93-B1DD-E71D9956A6C8}
		{C5F0EC1E-8665-43B2-80EA-AAFFB4CC7186} = {C4849F5E-40FD-444F-BDA7-F7FB12A401EB}
		{2BA8BE99-18C4-44A1-8D4B-00D951C2173B} = {C4849F5E-40FD-444F-BDA7-F7FB12A401EB}
		{3FFF4255-BCCC-468C-84E8-60EA67BDD2E3} = {F912B0BD-48AB-4D93-B1DD-E71D9956A6C8}
		{711B6C25-BE10-42EC-AC62-671A4A6A088E} = {94EEA0BF-C706-409D-98A5-E7E29B6B02CC}
		{31194FBC-1528-465F-AC94-3A74AFDAFCCC} = {E20527AD-629E-45A7-95A3-4283681A8BCB}
		{241FAF73-C1A1-498A-83CF-21487FB198B3} = {B00CC602-6A57-4E58-80B1-178133DA873F}
		{A43F8F17-0446-4E1D-9FD4-C3779BC8AE70} = {D176C652-1855-4241-BBFB-8300D2713798}
		{050AFF9F-97B5-43C8-91AE-0587131F8C32} = {F2B8C0ED-7922-426B-8557-E2F2E3D1AE00}
		{097AE3D6-AEF7-48F0-9F3C-0249496A39A2} = {1A00FCF5-E19C-4A2E-9F92-4B3183204E33}
		{FC607BBF-363B-43B0-BE02-34B21AB25DE7} = {3FFF4255-BCCC-468C-84E8-60EA67BDD2E3}
		{CF0FD63B-A068-4062-9FD5-941CF7781BD6} = {F912B0BD-48AB-4D93-B1DD-E71D9956A6C8}
		{635D7452-0197-4FAA-90F6-CCA36D0BA0B1} = {CF0FD63B-A068-4062-9FD5-941CF7781BD6}
	EndGlobalSection
	GlobalSection(ExtensibilityGlobals) = postSolution
		SolutionGuid = {11BDD43F-9581-4234-A53B-16BE74DEA73D}
	EndGlobalSection
EndGlobal
